// !$*UTF8*$!
{
	archiveVersion = 1;
	classes = {
	};
	objectVersion = 56;
	objects = {

/* Begin PBXBuildFile section */
		06C6D4E22A35FA2800BB7EB3 /* LandmarksApp.swift in Sources */ = {isa = PBXBuildFile; fileRef = 06C6D4E12A35FA2800BB7EB3 /* LandmarksApp.swift */; };
		06C6D4E42A35FA2800BB7EB3 /* ContentView.swift in Sources */ = {isa = PBXBuildFile; fileRef = 06C6D4E32A35FA2800BB7EB3 /* ContentView.swift */; };
		06C6D4E62A35FA2B00BB7EB3 /* Assets.xcassets in Resources */ = {isa = PBXBuildFile; fileRef = 06C6D4E52A35FA2B00BB7EB3 /* Assets.xcassets */; };
		06C6D4E92A35FA2B00BB7EB3 /* Preview Assets.xcassets in Resources */ = {isa = PBXBuildFile; fileRef = 06C6D4E82A35FA2B00BB7EB3 /* Preview Assets.xcassets */; };
		06C6D4F02A36571A00BB7EB3 /* CircleImage.swift in Sources */ = {isa = PBXBuildFile; fileRef = 06C6D4EF2A36571A00BB7EB3 /* CircleImage.swift */; };
		06C6D4F22A36583900BB7EB3 /* MapView.swift in Sources */ = {isa = PBXBuildFile; fileRef = 06C6D4F12A36583900BB7EB3 /* MapView.swift */; };
		06C6D4FC2A390E0800BB7EB3 /* landmarkData.json in Resources */ = {isa = PBXBuildFile; fileRef = 06C6D4FB2A390E0800BB7EB3 /* landmarkData.json */; };
		06C6D4FE2A390E3900BB7EB3 /* Landmark.swift in Sources */ = {isa = PBXBuildFile; fileRef = 06C6D4FD2A390E3900BB7EB3 /* Landmark.swift */; };
		06C6D5002A39103200BB7EB3 /* ModelData.swift in Sources */ = {isa = PBXBuildFile; fileRef = 06C6D4FF2A39103200BB7EB3 /* ModelData.swift */; };
		06C6D5052A39131A00BB7EB3 /* LandmarkRow.swift in Sources */ = {isa = PBXBuildFile; fileRef = 06C6D5042A39131A00BB7EB3 /* LandmarkRow.swift */; };
		06C6D5072A39151B00BB7EB3 /* LandmarkList.swift in Sources */ = {isa = PBXBuildFile; fileRef = 06C6D5062A39151B00BB7EB3 /* LandmarkList.swift */; };
		06C6D5092A39170600BB7EB3 /* LandmarkDetail.swift in Sources */ = {isa = PBXBuildFile; fileRef = 06C6D5082A39170600BB7EB3 /* LandmarkDetail.swift */; };
/* End PBXBuildFile section */

/* Begin PBXFileReference section */
		06C6D4DE2A35FA2800BB7EB3 /* Landmarks.app */ = {isa = PBXFileReference; explicitFileType = wrapper.application; includeInIndex = 0; path = Landmarks.app; sourceTree = BUILT_PRODUCTS_DIR; };
		06C6D4E12A35FA2800BB7EB3 /* LandmarksApp.swift */ = {isa = PBXFileReference; lastKnownFileType = sourcecode.swift; path = LandmarksApp.swift; sourceTree = "<group>"; };
		06C6D4E32A35FA2800BB7EB3 /* ContentView.swift */ = {isa = PBXFileReference; lastKnownFileType = sourcecode.swift; path = ContentView.swift; sourceTree = "<group>"; };
		06C6D4E52A35FA2B00BB7EB3 /* Assets.xcassets */ = {isa = PBXFileReference; lastKnownFileType = folder.assetcatalog; path = Assets.xcassets; sourceTree = "<group>"; };
		06C6D4E82A35FA2B00BB7EB3 /* Preview Assets.xcassets */ = {isa = PBXFileReference; lastKnownFileType = folder.assetcatalog; path = "Preview Assets.xcassets"; sourceTree = "<group>"; };
		06C6D4EF2A36571A00BB7EB3 /* CircleImage.swift */ = {isa = PBXFileReference; lastKnownFileType = sourcecode.swift; path = CircleImage.swift; sourceTree = "<group>"; };
		06C6D4F12A36583900BB7EB3 /* MapView.swift */ = {isa = PBXFileReference; lastKnownFileType = sourcecode.swift; path = MapView.swift; sourceTree = "<group>"; };
		06C6D4FB2A390E0800BB7EB3 /* landmarkData.json */ = {isa = PBXFileReference; fileEncoding = 4; lastKnownFileType = text.json; path = landmarkData.json; sourceTree = "<group>"; };
		06C6D4FD2A390E3900BB7EB3 /* Landmark.swift */ = {isa = PBXFileReference; lastKnownFileType = sourcecode.swift; path = Landmark.swift; sourceTree = "<group>"; };
		06C6D4FF2A39103200BB7EB3 /* ModelData.swift */ = {isa = PBXFileReference; lastKnownFileType = sourcecode.swift; path = ModelData.swift; sourceTree = "<group>"; };
		06C6D5042A39131A00BB7EB3 /* LandmarkRow.swift */ = {isa = PBXFileReference; lastKnownFileType = sourcecode.swift; path = LandmarkRow.swift; sourceTree = "<group>"; };
		06C6D5062A39151B00BB7EB3 /* LandmarkList.swift */ = {isa = PBXFileReference; lastKnownFileType = sourcecode.swift; path = LandmarkList.swift; sourceTree = "<group>"; };
		06C6D5082A39170600BB7EB3 /* LandmarkDetail.swift */ = {isa = PBXFileReference; lastKnownFileType = sourcecode.swift; path = LandmarkDetail.swift; sourceTree = "<group>"; };
/* End PBXFileReference section */

/* Begin PBXFrameworksBuildPhase section */
		06C6D4DB2A35FA2800BB7EB3 /* Frameworks */ = {
			isa = PBXFrameworksBuildPhase;
			buildActionMask = 2147483647;
			files = (
			);
			runOnlyForDeploymentPostprocessing = 0;
		};
/* End PBXFrameworksBuildPhase section */

/* Begin PBXGroup section */
		06C6D4D52A35FA2800BB7EB3 = {
			isa = PBXGroup;
			children = (
				06C6D4E02A35FA2800BB7EB3 /* Landmarks */,
				06C6D4DF2A35FA2800BB7EB3 /* Products */,
			);
			sourceTree = "<group>";
		};
		06C6D4DF2A35FA2800BB7EB3 /* Products */ = {
			isa = PBXGroup;
			children = (
				06C6D4DE2A35FA2800BB7EB3 /* Landmarks.app */,
			);
			name = Products;
			sourceTree = "<group>";
		};
		06C6D4E02A35FA2800BB7EB3 /* Landmarks */ = {
			isa = PBXGroup;
			children = (
				06C6D4E12A35FA2800BB7EB3 /* LandmarksApp.swift */,
				06C6D5022A3912B700BB7EB3 /* Model */,
				06C6D5012A39128F00BB7EB3 /* Views */,
				06C6D5032A3912D400BB7EB3 /* Resources */,
				06C6D4E72A35FA2B00BB7EB3 /* Preview Content */,
			);
			path = Landmarks;
			sourceTree = "<group>";
		};
		06C6D4E72A35FA2B00BB7EB3 /* Preview Content */ = {
			isa = PBXGroup;
			children = (
				06C6D4E82A35FA2B00BB7EB3 /* Preview Assets.xcassets */,
			);
			path = "Preview Content";
			sourceTree = "<group>";
		};
		06C6D5012A39128F00BB7EB3 /* Views */ = {
			isa = PBXGroup;
			children = (
				06C6D4E32A35FA2800BB7EB3 /* ContentView.swift */,
				06C6D5082A39170600BB7EB3 /* LandmarkDetail.swift */,
				06C6D5062A39151B00BB7EB3 /* LandmarkList.swift */,
				06C6D5042A39131A00BB7EB3 /* LandmarkRow.swift */,
				06C6D4EF2A36571A00BB7EB3 /* CircleImage.swift */,
				06C6D4F12A36583900BB7EB3 /* MapView.swift */,
				06C6D4FB2A390E0800BB7EB3 /* landmarkData.json */,
			);
			path = Views;
			sourceTree = "<group>";
		};
		06C6D5022A3912B700BB7EB3 /* Model */ = {
			isa = PBXGroup;
			children = (
				06C6D4FD2A390E3900BB7EB3 /* Landmark.swift */,
				06C6D4FF2A39103200BB7EB3 /* ModelData.swift */,
			);
			path = Model;
			sourceTree = "<group>";
		};
		06C6D5032A3912D400BB7EB3 /* Resources */ = {
			isa = PBXGroup;
			children = (
				06C6D4E52A35FA2B00BB7EB3 /* Assets.xcassets */,
			);
			path = Resources;
			sourceTree = "<group>";
		};
/* End PBXGroup section */

/* Begin PBXNativeTarget section */
		06C6D4DD2A35FA2800BB7EB3 /* Landmarks */ = {
			isa = PBXNativeTarget;
			buildConfigurationList = 06C6D4EC2A35FA2B00BB7EB3 /* Build configuration list for PBXNativeTarget "Landmarks" */;
			buildPhases = (
				06C6D4DA2A35FA2800BB7EB3 /* Sources */,
				06C6D4DB2A35FA2800BB7EB3 /* Frameworks */,
				06C6D4DC2A35FA2800BB7EB3 /* Resources */,
			);
			buildRules = (
			);
			dependencies = (
			);
			name = Landmarks;
			productName = Landmarks;
			productReference = 06C6D4DE2A35FA2800BB7EB3 /* Landmarks.app */;
			productType = "com.apple.product-type.application";
		};
/* End PBXNativeTarget section */

/* Begin PBXProject section */
		06C6D4D62A35FA2800BB7EB3 /* Project object */ = {
			isa = PBXProject;
			attributes = {
				BuildIndependentTargetsInParallel = 1;
				LastSwiftUpdateCheck = 1430;
				LastUpgradeCheck = 1430;
				TargetAttributes = {
					06C6D4DD2A35FA2800BB7EB3 = {
						CreatedOnToolsVersion = 14.3.1;
					};
				};
			};
			buildConfigurationList = 06C6D4D92A35FA2800BB7EB3 /* Build configuration list for PBXProject "Landmarks" */;
			compatibilityVersion = "Xcode 14.0";
			developmentRegion = en;
			hasScannedForEncodings = 0;
			knownRegions = (
				en,
				Base,
			);
			mainGroup = 06C6D4D52A35FA2800BB7EB3;
			productRefGroup = 06C6D4DF2A35FA2800BB7EB3 /* Products */;
			projectDirPath = "";
			projectRoot = "";
			targets = (
				06C6D4DD2A35FA2800BB7EB3 /* Landmarks */,
			);
		};
/* End PBXProject section */

/* Begin PBXResourcesBuildPhase section */
		06C6D4DC2A35FA2800BB7EB3 /* Resources */ = {
			isa = PBXResourcesBuildPhase;
			buildActionMask = 2147483647;
			files = (
				06C6D4E92A35FA2B00BB7EB3 /* Preview Assets.xcassets in Resources */,
				06C6D4E62A35FA2B00BB7EB3 /* Assets.xcassets in Resources */,
				06C6D4FC2A390E0800BB7EB3 /* landmarkData.json in Resources */,
			);
			runOnlyForDeploymentPostprocessing = 0;
		};
/* End PBXResourcesBuildPhase section */

/* Begin PBXSourcesBuildPhase section */
		06C6D4DA2A35FA2800BB7EB3 /* Sources */ = {
			isa = PBXSourcesBuildPhase;
			buildActionMask = 2147483647;
			files = (
				06C6D4E42A35FA2800BB7EB3 /* ContentView.swift in Sources */,
				06C6D4F22A36583900BB7EB3 /* MapView.swift in Sources */,
				06C6D4E22A35FA2800BB7EB3 /* LandmarksApp.swift in Sources */,
				06C6D5072A39151B00BB7EB3 /* LandmarkList.swift in Sources */,
				06C6D5092A39170600BB7EB3 /* LandmarkDetail.swift in Sources */,
				06C6D4F02A36571A00BB7EB3 /* CircleImage.swift in Sources */,
				06C6D4FE2A390E3900BB7EB3 /* Landmark.swift in Sources */,
				06C6D5052A39131A00BB7EB3 /* LandmarkRow.swift in Sources */,
				06C6D5002A39103200BB7EB3 /* ModelData.swift in Sources */,
			);
			runOnlyForDeploymentPostprocessing = 0;
		};
/* End PBXSourcesBuildPhase section */

/* Begin XCBuildConfiguration section */
		06C6D4EA2A35FA2B00BB7EB3 /* Debug */ = {
			isa = XCBuildConfiguration;
			buildSettings = {
				ALWAYS_SEARCH_USER_PATHS = NO;
				CLANG_ANALYZER_NONNULL = YES;
				CLANG_ANALYZER_NUMBER_OBJECT_CONVERSION = YES_AGGRESSIVE;
				CLANG_CXX_LANGUAGE_STANDARD = "gnu++20";
				CLANG_ENABLE_MODULES = YES;
				CLANG_ENABLE_OBJC_ARC = YES;
				CLANG_ENABLE_OBJC_WEAK = YES;
				CLANG_WARN_BLOCK_CAPTURE_AUTORELEASING = YES;
				CLANG_WARN_BOOL_CONVERSION = YES;
				CLANG_WARN_COMMA = YES;
				CLANG_WARN_CONSTANT_CONVERSION = YES;
				CLANG_WARN_DEPRECATED_OBJC_IMPLEMENTATIONS = YES;
				CLANG_WARN_DIRECT_OBJC_ISA_USAGE = YES_ERROR;
				CLANG_WARN_DOCUMENTATION_COMMENTS = YES;
				CLANG_WARN_EMPTY_BODY = YES;
				CLANG_WARN_ENUM_CONVERSION = YES;
				CLANG_WARN_INFINITE_RECURSION = YES;
				CLANG_WARN_INT_CONVERSION = YES;
				CLANG_WARN_NON_LITERAL_NULL_CONVERSION = YES;
				CLANG_WARN_OBJC_IMPLICIT_RETAIN_SELF = YES;
				CLANG_WARN_OBJC_LITERAL_CONVERSION = YES;
				CLANG_WARN_OBJC_ROOT_CLASS = YES_ERROR;
				CLANG_WARN_QUOTED_INCLUDE_IN_FRAMEWORK_HEADER = YES;
				CLANG_WARN_RANGE_LOOP_ANALYSIS = YES;
				CLANG_WARN_STRICT_PROTOTYPES = YES;
				CLANG_WARN_SUSPICIOUS_MOVE = YES;
				CLANG_WARN_UNGUARDED_AVAILABILITY = YES_AGGRESSIVE;
				CLANG_WARN_UNREACHABLE_CODE = YES;
				CLANG_WARN__DUPLICATE_METHOD_MATCH = YES;
				COPY_PHASE_STRIP = NO;
				DEBUG_INFORMATION_FORMAT = dwarf;
				ENABLE_STRICT_OBJC_MSGSEND = YES;
				ENABLE_TESTABILITY = YES;
				GCC_C_LANGUAGE_STANDARD = gnu11;
				GCC_DYNAMIC_NO_PIC = NO;
				GCC_NO_COMMON_BLOCKS = YES;
				GCC_OPTIMIZATION_LEVEL = 0;
				GCC_PREPROCESSOR_DEFINITIONS = (
					"DEBUG=1",
					"$(inherited)",
				);
				GCC_WARN_64_TO_32_BIT_CONVERSION = YES;
				GCC_WARN_ABOUT_RETURN_TYPE = YES_ERROR;
				GCC_WARN_UNDECLARED_SELECTOR = YES;
				GCC_WARN_UNINITIALIZED_AUTOS = YES_AGGRESSIVE;
				GCC_WARN_UNUSED_FUNCTION = YES;
				GCC_WARN_UNUSED_VARIABLE = YES;
				IPHONEOS_DEPLOYMENT_TARGET = 16.4;
				MTL_ENABLE_DEBUG_INFO = INCLUDE_SOURCE;
				MTL_FAST_MATH = YES;
				ONLY_ACTIVE_ARCH = YES;
				SDKROOT = iphoneos;
				SWIFT_ACTIVE_COMPILATION_CONDITIONS = DEBUG;
				SWIFT_OPTIMIZATION_LEVEL = "-Onone";
			};
			name = Debug;
		};
		06C6D4EB2A35FA2B00BB7EB3 /* Release */ = {
			isa = XCBuildConfiguration;
			buildSettings = {
				ALWAYS_SEARCH_USER_PATHS = NO;
				CLANG_ANALYZER_NONNULL = YES;
				CLANG_ANALYZER_NUMBER_OBJECT_CONVERSION = YES_AGGRESSIVE;
				CLANG_CXX_LANGUAGE_STANDARD = "gnu++20";
				CLANG_ENABLE_MODULES = YES;
				CLANG_ENABLE_OBJC_ARC = YES;
				CLANG_ENABLE_OBJC_WEAK = YES;
				CLANG_WARN_BLOCK_CAPTURE_AUTORELEASING = YES;
				CLANG_WARN_BOOL_CONVERSION = YES;
				CLANG_WARN_COMMA = YES;
				CLANG_WARN_CONSTANT_CONVERSION = YES;
				CLANG_WARN_DEPRECATED_OBJC_IMPLEMENTATIONS = YES;
				CLANG_WARN_DIRECT_OBJC_ISA_USAGE = YES_ERROR;
				CLANG_WARN_DOCUMENTATION_COMMENTS = YES;
				CLANG_WARN_EMPTY_BODY = YES;
				CLANG_WARN_ENUM_CONVERSION = YES;
				CLANG_WARN_INFINITE_RECURSION = YES;
				CLANG_WARN_INT_CONVERSION = YES;
				CLANG_WARN_NON_LITERAL_NULL_CONVERSION = YES;
				CLANG_WARN_OBJC_IMPLICIT_RETAIN_SELF = YES;
				CLANG_WARN_OBJC_LITERAL_CONVERSION = YES;
				CLANG_WARN_OBJC_ROOT_CLASS = YES_ERROR;
				CLANG_WARN_QUOTED_INCLUDE_IN_FRAMEWORK_HEADER = YES;
				CLANG_WARN_RANGE_LOOP_ANALYSIS = YES;
				CLANG_WARN_STRICT_PROTOTYPES = YES;
				CLANG_WARN_SUSPICIOUS_MOVE = YES;
				CLANG_WARN_UNGUARDED_AVAILABILITY = YES_AGGRESSIVE;
				CLANG_WARN_UNREACHABLE_CODE = YES;
				CLANG_WARN__DUPLICATE_METHOD_MATCH = YES;
				COPY_PHASE_STRIP = NO;
				DEBUG_INFORMATION_FORMAT = "dwarf-with-dsym";
				ENABLE_NS_ASSERTIONS = NO;
				ENABLE_STRICT_OBJC_MSGSEND = YES;
				GCC_C_LANGUAGE_STANDARD = gnu11;
				GCC_NO_COMMON_BLOCKS = YES;
				GCC_WARN_64_TO_32_BIT_CONVERSION = YES;
				GCC_WARN_ABOUT_RETURN_TYPE = YES_ERROR;
				GCC_WARN_UNDECLARED_SELECTOR = YES;
				GCC_WARN_UNINITIALIZED_AUTOS = YES_AGGRESSIVE;
				GCC_WARN_UNUSED_FUNCTION = YES;
				GCC_WARN_UNUSED_VARIABLE = YES;
				IPHONEOS_DEPLOYMENT_TARGET = 16.4;
				MTL_ENABLE_DEBUG_INFO = NO;
				MTL_FAST_MATH = YES;
				SDKROOT = iphoneos;
				SWIFT_COMPILATION_MODE = wholemodule;
				SWIFT_OPTIMIZATION_LEVEL = "-O";
				VALIDATE_PRODUCT = YES;
			};
			name = Release;
		};
		06C6D4ED2A35FA2B00BB7EB3 /* Debug */ = {
			isa = XCBuildConfiguration;
			buildSettings = {
				ASSETCATALOG_COMPILER_APPICON_NAME = AppIcon;
				ASSETCATALOG_COMPILER_GLOBAL_ACCENT_COLOR_NAME = AccentColor;
				CODE_SIGN_STYLE = Automatic;
				CURRENT_PROJECT_VERSION = 1;
				DEVELOPMENT_ASSET_PATHS = "\"Landmarks/Preview Content\"";
				DEVELOPMENT_TEAM = U273AZ7FZ3;
				ENABLE_PREVIEWS = YES;
				GENERATE_INFOPLIST_FILE = YES;
				INFOPLIST_KEY_UIApplicationSceneManifest_Generation = YES;
				INFOPLIST_KEY_UIApplicationSupportsIndirectInputEvents = YES;
				INFOPLIST_KEY_UILaunchScreen_Generation = YES;
				INFOPLIST_KEY_UISupportedInterfaceOrientations_iPad = "UIInterfaceOrientationPortrait UIInterfaceOrientationPortraitUpsideDown UIInterfaceOrientationLandscapeLeft UIInterfaceOrientationLandscapeRight";
				INFOPLIST_KEY_UISupportedInterfaceOrientations_iPhone = "UIInterfaceOrientationPortrait UIInterfaceOrientationLandscapeLeft UIInterfaceOrientationLandscapeRight";
				LD_RUNPATH_SEARCH_PATHS = (
					"$(inherited)",
					"@executable_path/Frameworks",
				);
				MARKETING_VERSION = 1.0;
				PRODUCT_BUNDLE_IDENTIFIER = Horna.Landmarks;
				PRODUCT_NAME = "$(TARGET_NAME)";
				SWIFT_EMIT_LOC_STRINGS = YES;
				SWIFT_VERSION = 5.0;
				TARGETED_DEVICE_FAMILY = "1,2";
			};
			name = Debug;
		};
		06C6D4EE2A35FA2B00BB7EB3 /* Release */ = {
			isa = XCBuildConfiguration;
			buildSettings = {
				ASSETCATALOG_COMPILER_APPICON_NAME = AppIcon;
				ASSETCATALOG_COMPILER_GLOBAL_ACCENT_COLOR_NAME = AccentColor;
				CODE_SIGN_STYLE = Automatic;
				CURRENT_PROJECT_VERSION = 1;
				DEVELOPMENT_ASSET_PATHS = "\"Landmarks/Preview Content\"";
				DEVELOPMENT_TEAM = U273AZ7FZ3;
				ENABLE_PREVIEWS = YES;
				GENERATE_INFOPLIST_FILE = YES;
				INFOPLIST_KEY_UIApplicationSceneManifest_Generation = YES;
				INFOPLIST_KEY_UIApplicationSupportsIndirectInputEvents = YES;
				INFOPLIST_KEY_UILaunchScreen_Generation = YES;
				INFOPLIST_KEY_UISupportedInterfaceOrientations_iPad = "UIInterfaceOrientationPortrait UIInterfaceOrientationPortraitUpsideDown UIInterfaceOrientationLandscapeLeft UIInterfaceOrientationLandscapeRight";
				INFOPLIST_KEY_UISupportedInterfaceOrientations_iPhone = "UIInterfaceOrientationPortrait UIInterfaceOrientationLandscapeLeft UIInterfaceOrientationLandscapeRight";
				LD_RUNPATH_SEARCH_PATHS = (
					"$(inherited)",
					"@executable_path/Frameworks",
				);
				MARKETING_VERSION = 1.0;
				PRODUCT_BUNDLE_IDENTIFIER = Horna.Landmarks;
				PRODUCT_NAME = "$(TARGET_NAME)";
				SWIFT_EMIT_LOC_STRINGS = YES;
				SWIFT_VERSION = 5.0;
				TARGETED_DEVICE_FAMILY = "1,2";
			};
			name = Release;
		};
/* End XCBuildConfiguration section */

/* Begin XCConfigurationList section */
		06C6D4D92A35FA2800BB7EB3 /* Build configuration list for PBXProject "Landmarks" */ = {
			isa = XCConfigurationList;
			buildConfigurations = (
				06C6D4EA2A35FA2B00BB7EB3 /* Debug */,
				06C6D4EB2A35FA2B00BB7EB3 /* Release */,
			);
			defaultConfigurationIsVisible = 0;
			defaultConfigurationName = Release;
		};
		06C6D4EC2A35FA2B00BB7EB3 /* Build configuration list for PBXNativeTarget "Landmarks" */ = {
			isa = XCConfigurationList;
			buildConfigurations = (
				06C6D4ED2A35FA2B00BB7EB3 /* Debug */,
				06C6D4EE2A35FA2B00BB7EB3 /* Release */,
			);
			defaultConfigurationIsVisible = 0;
			defaultConfigurationName = Release;
		};
/* End XCConfigurationList section */
	};
	rootObject = 06C6D4D62A35FA2800BB7EB3 /* Project object */;
}
